// !$*UTF8*$!
{
	archiveVersion = 1;
	classes = {
	};
	objectVersion = 56;
	objects = {

/* Begin PBXBuildFile section */
		132022302A05508E008BE849 /* AppDelegate.swift in Sources */ = {isa = PBXBuildFile; fileRef = 1320222F2A05508E008BE849 /* AppDelegate.swift */; };
		132022322A05508E008BE849 /* SceneDelegate.swift in Sources */ = {isa = PBXBuildFile; fileRef = 132022312A05508E008BE849 /* SceneDelegate.swift */; };
		132022342A05508E008BE849 /* ViewController.swift in Sources */ = {isa = PBXBuildFile; fileRef = 132022332A05508E008BE849 /* ViewController.swift */; };
		132022372A05508E008BE849 /* Main.storyboard in Resources */ = {isa = PBXBuildFile; fileRef = 132022352A05508E008BE849 /* Main.storyboard */; };
		132022392A05508F008BE849 /* Assets.xcassets in Resources */ = {isa = PBXBuildFile; fileRef = 132022382A05508F008BE849 /* Assets.xcassets */; };
		1320223C2A05508F008BE849 /* LaunchScreen.storyboard in Resources */ = {isa = PBXBuildFile; fileRef = 1320223A2A05508F008BE849 /* LaunchScreen.storyboard */; };
		132022472A05508F008BE849 /* LearningForkTests.swift in Sources */ = {isa = PBXBuildFile; fileRef = 132022462A05508F008BE849 /* LearningForkTests.swift */; };
		132022512A05508F008BE849 /* LearningForkUITests.swift in Sources */ = {isa = PBXBuildFile; fileRef = 132022502A05508F008BE849 /* LearningForkUITests.swift */; };
		132022532A05508F008BE849 /* LearningForkUITestsLaunchTests.swift in Sources */ = {isa = PBXBuildFile; fileRef = 132022522A05508F008BE849 /* LearningForkUITestsLaunchTests.swift */; };
/* End PBXBuildFile section */

/* Begin PBXContainerItemProxy section */
		132022432A05508F008BE849 /* PBXContainerItemProxy */ = {
			isa = PBXContainerItemProxy;
			containerPortal = 132022242A05508E008BE849 /* Project object */;
			proxyType = 1;
			remoteGlobalIDString = 1320222B2A05508E008BE849;
			remoteInfo = LearningFork;
		};
		1320224D2A05508F008BE849 /* PBXContainerItemProxy */ = {
			isa = PBXContainerItemProxy;
			containerPortal = 132022242A05508E008BE849 /* Project object */;
			proxyType = 1;
			remoteGlobalIDString = 1320222B2A05508E008BE849;
			remoteInfo = LearningFork;
		};
/* End PBXContainerItemProxy section */

/* Begin PBXFileReference section */
		1320222C2A05508E008BE849 /* LearningFork.app */ = {isa = PBXFileReference; explicitFileType = wrapper.application; includeInIndex = 0; path = LearningFork.app; sourceTree = BUILT_PRODUCTS_DIR; };
		1320222F2A05508E008BE849 /* AppDelegate.swift */ = {isa = PBXFileReference; lastKnownFileType = sourcecode.swift; path = AppDelegate.swift; sourceTree = "<group>"; };
		132022312A05508E008BE849 /* SceneDelegate.swift */ = {isa = PBXFileReference; lastKnownFileType = sourcecode.swift; path = SceneDelegate.swift; sourceTree = "<group>"; };
		132022332A05508E008BE849 /* ViewController.swift */ = {isa = PBXFileReference; lastKnownFileType = sourcecode.swift; path = ViewController.swift; sourceTree = "<group>"; };
		132022362A05508E008BE849 /* Base */ = {isa = PBXFileReference; lastKnownFileType = file.storyboard; name = Base; path = Base.lproj/Main.storyboard; sourceTree = "<group>"; };
		132022382A05508F008BE849 /* Assets.xcassets */ = {isa = PBXFileReference; lastKnownFileType = folder.assetcatalog; path = Assets.xcassets; sourceTree = "<group>"; };
		1320223B2A05508F008BE849 /* Base */ = {isa = PBXFileReference; lastKnownFileType = file.storyboard; name = Base; path = Base.lproj/LaunchScreen.storyboard; sourceTree = "<group>"; };
		1320223D2A05508F008BE849 /* Info.plist */ = {isa = PBXFileReference; lastKnownFileType = text.plist.xml; path = Info.plist; sourceTree = "<group>"; };
		132022422A05508F008BE849 /* LearningForkTests.xctest */ = {isa = PBXFileReference; explicitFileType = wrapper.cfbundle; includeInIndex = 0; path = LearningForkTests.xctest; sourceTree = BUILT_PRODUCTS_DIR; };
		132022462A05508F008BE849 /* LearningForkTests.swift */ = {isa = PBXFileReference; lastKnownFileType = sourcecode.swift; path = LearningForkTests.swift; sourceTree = "<group>"; };
		1320224C2A05508F008BE849 /* LearningForkUITests.xctest */ = {isa = PBXFileReference; explicitFileType = wrapper.cfbundle; includeInIndex = 0; path = LearningForkUITests.xctest; sourceTree = BUILT_PRODUCTS_DIR; };
		132022502A05508F008BE849 /* LearningForkUITests.swift */ = {isa = PBXFileReference; lastKnownFileType = sourcecode.swift; path = LearningForkUITests.swift; sourceTree = "<group>"; };
		132022522A05508F008BE849 /* LearningForkUITestsLaunchTests.swift */ = {isa = PBXFileReference; lastKnownFileType = sourcecode.swift; path = LearningForkUITestsLaunchTests.swift; sourceTree = "<group>"; };
/* End PBXFileReference section */

/* Begin PBXFrameworksBuildPhase section */
		132022292A05508E008BE849 /* Frameworks */ = {
			isa = PBXFrameworksBuildPhase;
			buildActionMask = 2147483647;
			files = (
			);
			runOnlyForDeploymentPostprocessing = 0;
		};
		1320223F2A05508F008BE849 /* Frameworks */ = {
			isa = PBXFrameworksBuildPhase;
			buildActionMask = 2147483647;
			files = (
			);
			runOnlyForDeploymentPostprocessing = 0;
		};
		132022492A05508F008BE849 /* Frameworks */ = {
			isa = PBXFrameworksBuildPhase;
			buildActionMask = 2147483647;
			files = (
			);
			runOnlyForDeploymentPostprocessing = 0;
		};
/* End PBXFrameworksBuildPhase section */

/* Begin PBXGroup section */
		132022232A05508E008BE849 = {
			isa = PBXGroup;
			children = (
				1320222E2A05508E008BE849 /* LearningFork */,
				132022452A05508F008BE849 /* LearningForkTests */,
				1320224F2A05508F008BE849 /* LearningForkUITests */,
				1320222D2A05508E008BE849 /* Products */,
			);
			sourceTree = "<group>";
		};
		1320222D2A05508E008BE849 /* Products */ = {
			isa = PBXGroup;
			children = (
				1320222C2A05508E008BE849 /* LearningFork.app */,
				132022422A05508F008BE849 /* LearningForkTests.xctest */,
				1320224C2A05508F008BE849 /* LearningForkUITests.xctest */,
			);
			name = Products;
			sourceTree = "<group>";
		};
		1320222E2A05508E008BE849 /* LearningFork */ = {
			isa = PBXGroup;
			children = (
				1320222F2A05508E008BE849 /* AppDelegate.swift */,
				132022312A05508E008BE849 /* SceneDelegate.swift */,
				132022332A05508E008BE849 /* ViewController.swift */,
				132022352A05508E008BE849 /* Main.storyboard */,
				132022382A05508F008BE849 /* Assets.xcassets */,
				1320223A2A05508F008BE849 /* LaunchScreen.storyboard */,
				1320223D2A05508F008BE849 /* Info.plist */,
			);
			path = LearningFork;
			sourceTree = "<group>";
		};
		132022452A05508F008BE849 /* LearningForkTests */ = {
			isa = PBXGroup;
			children = (
				132022462A05508F008BE849 /* LearningForkTests.swift */,
			);
			path = LearningForkTests;
			sourceTree = "<group>";
		};
		1320224F2A05508F008BE849 /* LearningForkUITests */ = {
			isa = PBXGroup;
			children = (
				132022502A05508F008BE849 /* LearningForkUITests.swift */,
				132022522A05508F008BE849 /* LearningForkUITestsLaunchTests.swift */,
			);
			path = LearningForkUITests;
			sourceTree = "<group>";
		};
/* End PBXGroup section */

/* Begin PBXNativeTarget section */
		1320222B2A05508E008BE849 /* LearningFork */ = {
			isa = PBXNativeTarget;
			buildConfigurationList = 132022562A05508F008BE849 /* Build configuration list for PBXNativeTarget "LearningFork" */;
			buildPhases = (
				132022282A05508E008BE849 /* Sources */,
				132022292A05508E008BE849 /* Frameworks */,
				1320222A2A05508E008BE849 /* Resources */,
			);
			buildRules = (
			);
			dependencies = (
			);
			name = LearningFork;
			productName = LearningFork;
			productReference = 1320222C2A05508E008BE849 /* LearningFork.app */;
			productType = "com.apple.product-type.application";
		};
		132022412A05508F008BE849 /* LearningForkTests */ = {
			isa = PBXNativeTarget;
			buildConfigurationList = 132022592A05508F008BE849 /* Build configuration list for PBXNativeTarget "LearningForkTests" */;
			buildPhases = (
				1320223E2A05508F008BE849 /* Sources */,
				1320223F2A05508F008BE849 /* Frameworks */,
				132022402A05508F008BE849 /* Resources */,
			);
			buildRules = (
			);
			dependencies = (
				132022442A05508F008BE849 /* PBXTargetDependency */,
			);
			name = LearningForkTests;
			productName = LearningForkTests;
			productReference = 132022422A05508F008BE849 /* LearningForkTests.xctest */;
			productType = "com.apple.product-type.bundle.unit-test";
		};
		1320224B2A05508F008BE849 /* LearningForkUITests */ = {
			isa = PBXNativeTarget;
			buildConfigurationList = 1320225C2A05508F008BE849 /* Build configuration list for PBXNativeTarget "LearningForkUITests" */;
			buildPhases = (
				132022482A05508F008BE849 /* Sources */,
				132022492A05508F008BE849 /* Frameworks */,
				1320224A2A05508F008BE849 /* Resources */,
			);
			buildRules = (
			);
			dependencies = (
				1320224E2A05508F008BE849 /* PBXTargetDependency */,
			);
			name = LearningForkUITests;
			productName = LearningForkUITests;
			productReference = 1320224C2A05508F008BE849 /* LearningForkUITests.xctest */;
			productType = "com.apple.product-type.bundle.ui-testing";
		};
/* End PBXNativeTarget section */

/* Begin PBXProject section */
		132022242A05508E008BE849 /* Project object */ = {
			isa = PBXProject;
			attributes = {
				BuildIndependentTargetsInParallel = 1;
				LastSwiftUpdateCheck = 1430;
				LastUpgradeCheck = 1430;
				TargetAttributes = {
					1320222B2A05508E008BE849 = {
						CreatedOnToolsVersion = 14.3;
					};
					132022412A05508F008BE849 = {
						CreatedOnToolsVersion = 14.3;
						TestTargetID = 1320222B2A05508E008BE849;
					};
					1320224B2A05508F008BE849 = {
						CreatedOnToolsVersion = 14.3;
						TestTargetID = 1320222B2A05508E008BE849;
					};
				};
			};
			buildConfigurationList = 132022272A05508E008BE849 /* Build configuration list for PBXProject "LearningFork" */;
			compatibilityVersion = "Xcode 14.0";
			developmentRegion = en;
			hasScannedForEncodings = 0;
			knownRegions = (
				en,
				Base,
			);
			mainGroup = 132022232A05508E008BE849;
			productRefGroup = 1320222D2A05508E008BE849 /* Products */;
			projectDirPath = "";
			projectRoot = "";
			targets = (
				1320222B2A05508E008BE849 /* LearningFork */,
				132022412A05508F008BE849 /* LearningForkTests */,
				1320224B2A05508F008BE849 /* LearningForkUITests */,
			);
		};
/* End PBXProject section */

/* Begin PBXResourcesBuildPhase section */
		1320222A2A05508E008BE849 /* Resources */ = {
			isa = PBXResourcesBuildPhase;
			buildActionMask = 2147483647;
			files = (
				1320223C2A05508F008BE849 /* LaunchScreen.storyboard in Resources */,
				132022392A05508F008BE849 /* Assets.xcassets in Resources */,
				132022372A05508E008BE849 /* Main.storyboard in Resources */,
			);
			runOnlyForDeploymentPostprocessing = 0;
		};
		132022402A05508F008BE849 /* Resources */ = {
			isa = PBXResourcesBuildPhase;
			buildActionMask = 2147483647;
			files = (
			);
			runOnlyForDeploymentPostprocessing = 0;
		};
		1320224A2A05508F008BE849 /* Resources */ = {
			isa = PBXResourcesBuildPhase;
			buildActionMask = 2147483647;
			files = (
			);
			runOnlyForDeploymentPostprocessing = 0;
		};
/* End PBXResourcesBuildPhase section */

/* Begin PBXSourcesBuildPhase section */
		132022282A05508E008BE849 /* Sources */ = {
			isa = PBXSourcesBuildPhase;
			buildActionMask = 2147483647;
			files = (
				132022342A05508E008BE849 /* ViewController.swift in Sources */,
				132022302A05508E008BE849 /* AppDelegate.swift in Sources */,
				132022322A05508E008BE849 /* SceneDelegate.swift in Sources */,
			);
			runOnlyForDeploymentPostprocessing = 0;
		};
		1320223E2A05508F008BE849 /* Sources */ = {
			isa = PBXSourcesBuildPhase;
			buildActionMask = 2147483647;
			files = (
				132022472A05508F008BE849 /* LearningForkTests.swift in Sources */,
			);
			runOnlyForDeploymentPostprocessing = 0;
		};
		132022482A05508F008BE849 /* Sources */ = {
			isa = PBXSourcesBuildPhase;
			buildActionMask = 2147483647;
			files = (
				132022532A05508F008BE849 /* LearningForkUITestsLaunchTests.swift in Sources */,
				132022512A05508F008BE849 /* LearningForkUITests.swift in Sources */,
			);
			runOnlyForDeploymentPostprocessing = 0;
		};
/* End PBXSourcesBuildPhase section */

/* Begin PBXTargetDependency section */
		132022442A05508F008BE849 /* PBXTargetDependency */ = {
			isa = PBXTargetDependency;
			target = 1320222B2A05508E008BE849 /* LearningFork */;
			targetProxy = 132022432A05508F008BE849 /* PBXContainerItemProxy */;
		};
		1320224E2A05508F008BE849 /* PBXTargetDependency */ = {
			isa = PBXTargetDependency;
			target = 1320222B2A05508E008BE849 /* LearningFork */;
			targetProxy = 1320224D2A05508F008BE849 /* PBXContainerItemProxy */;
		};
/* End PBXTargetDependency section */

/* Begin PBXVariantGroup section */
		132022352A05508E008BE849 /* Main.storyboard */ = {
			isa = PBXVariantGroup;
			children = (
				132022362A05508E008BE849 /* Base */,
			);
			name = Main.storyboard;
			sourceTree = "<group>";
		};
		1320223A2A05508F008BE849 /* LaunchScreen.storyboard */ = {
			isa = PBXVariantGroup;
			children = (
				1320223B2A05508F008BE849 /* Base */,
			);
			name = LaunchScreen.storyboard;
			sourceTree = "<group>";
		};
/* End PBXVariantGroup section */

/* Begin XCBuildConfiguration section */
		132022542A05508F008BE849 /* Debug */ = {
			isa = XCBuildConfiguration;
			buildSettings = {
				ALWAYS_SEARCH_USER_PATHS = NO;
				CLANG_ANALYZER_NONNULL = YES;
				CLANG_ANALYZER_NUMBER_OBJECT_CONVERSION = YES_AGGRESSIVE;
				CLANG_CXX_LANGUAGE_STANDARD = "gnu++20";
				CLANG_ENABLE_MODULES = YES;
				CLANG_ENABLE_OBJC_ARC = YES;
				CLANG_ENABLE_OBJC_WEAK = YES;
				CLANG_WARN_BLOCK_CAPTURE_AUTORELEASING = YES;
				CLANG_WARN_BOOL_CONVERSION = YES;
				CLANG_WARN_COMMA = YES;
				CLANG_WARN_CONSTANT_CONVERSION = YES;
				CLANG_WARN_DEPRECATED_OBJC_IMPLEMENTATIONS = YES;
				CLANG_WARN_DIRECT_OBJC_ISA_USAGE = YES_ERROR;
				CLANG_WARN_DOCUMENTATION_COMMENTS = YES;
				CLANG_WARN_EMPTY_BODY = YES;
				CLANG_WARN_ENUM_CONVERSION = YES;
				CLANG_WARN_INFINITE_RECURSION = YES;
				CLANG_WARN_INT_CONVERSION = YES;
				CLANG_WARN_NON_LITERAL_NULL_CONVERSION = YES;
				CLANG_WARN_OBJC_IMPLICIT_RETAIN_SELF = YES;
				CLANG_WARN_OBJC_LITERAL_CONVERSION = YES;
				CLANG_WARN_OBJC_ROOT_CLASS = YES_ERROR;
				CLANG_WARN_QUOTED_INCLUDE_IN_FRAMEWORK_HEADER = YES;
				CLANG_WARN_RANGE_LOOP_ANALYSIS = YES;
				CLANG_WARN_STRICT_PROTOTYPES = YES;
				CLANG_WARN_SUSPICIOUS_MOVE = YES;
				CLANG_WARN_UNGUARDED_AVAILABILITY = YES_AGGRESSIVE;
				CLANG_WARN_UNREACHABLE_CODE = YES;
				CLANG_WARN__DUPLICATE_METHOD_MATCH = YES;
				COPY_PHASE_STRIP = NO;
				DEBUG_INFORMATION_FORMAT = dwarf;
				ENABLE_STRICT_OBJC_MSGSEND = YES;
				ENABLE_TESTABILITY = YES;
				GCC_C_LANGUAGE_STANDARD = gnu11;
				GCC_DYNAMIC_NO_PIC = NO;
				GCC_NO_COMMON_BLOCKS = YES;
				GCC_OPTIMIZATION_LEVEL = 0;
				GCC_PREPROCESSOR_DEFINITIONS = (
					"DEBUG=1",
					"$(inherited)",
				);
				GCC_WARN_64_TO_32_BIT_CONVERSION = YES;
				GCC_WARN_ABOUT_RETURN_TYPE = YES_ERROR;
				GCC_WARN_UNDECLARED_SELECTOR = YES;
				GCC_WARN_UNINITIALIZED_AUTOS = YES_AGGRESSIVE;
				GCC_WARN_UNUSED_FUNCTION = YES;
				GCC_WARN_UNUSED_VARIABLE = YES;
				IPHONEOS_DEPLOYMENT_TARGET = 16.4;
				MTL_ENABLE_DEBUG_INFO = INCLUDE_SOURCE;
				MTL_FAST_MATH = YES;
				ONLY_ACTIVE_ARCH = YES;
				SDKROOT = iphoneos;
				SWIFT_ACTIVE_COMPILATION_CONDITIONS = DEBUG;
				SWIFT_OPTIMIZATION_LEVEL = "-Onone";
			};
			name = Debug;
		};
		132022552A05508F008BE849 /* Release */ = {
			isa = XCBuildConfiguration;
			buildSettings = {
				ALWAYS_SEARCH_USER_PATHS = NO;
				CLANG_ANALYZER_NONNULL = YES;
				CLANG_ANALYZER_NUMBER_OBJECT_CONVERSION = YES_AGGRESSIVE;
				CLANG_CXX_LANGUAGE_STANDARD = "gnu++20";
				CLANG_ENABLE_MODULES = YES;
				CLANG_ENABLE_OBJC_ARC = YES;
				CLANG_ENABLE_OBJC_WEAK = YES;
				CLANG_WARN_BLOCK_CAPTURE_AUTORELEASING = YES;
				CLANG_WARN_BOOL_CONVERSION = YES;
				CLANG_WARN_COMMA = YES;
				CLANG_WARN_CONSTANT_CONVERSION = YES;
				CLANG_WARN_DEPRECATED_OBJC_IMPLEMENTATIONS = YES;
				CLANG_WARN_DIRECT_OBJC_ISA_USAGE = YES_ERROR;
				CLANG_WARN_DOCUMENTATION_COMMENTS = YES;
				CLANG_WARN_EMPTY_BODY = YES;
				CLANG_WARN_ENUM_CONVERSION = YES;
				CLANG_WARN_INFINITE_RECURSION = YES;
				CLANG_WARN_INT_CONVERSION = YES;
				CLANG_WARN_NON_LITERAL_NULL_CONVERSION = YES;
				CLANG_WARN_OBJC_IMPLICIT_RETAIN_SELF = YES;
				CLANG_WARN_OBJC_LITERAL_CONVERSION = YES;
				CLANG_WARN_OBJC_ROOT_CLASS = YES_ERROR;
				CLANG_WARN_QUOTED_INCLUDE_IN_FRAMEWORK_HEADER = YES;
				CLANG_WARN_RANGE_LOOP_ANALYSIS = YES;
				CLANG_WARN_STRICT_PROTOTYPES = YES;
				CLANG_WARN_SUSPICIOUS_MOVE = YES;
				CLANG_WARN_UNGUARDED_AVAILABILITY = YES_AGGRESSIVE;
				CLANG_WARN_UNREACHABLE_CODE = YES;
				CLANG_WARN__DUPLICATE_METHOD_MATCH = YES;
				COPY_PHASE_STRIP = NO;
				DEBUG_INFORMATION_FORMAT = "dwarf-with-dsym";
				ENABLE_NS_ASSERTIONS = NO;
				ENABLE_STRICT_OBJC_MSGSEND = YES;
				GCC_C_LANGUAGE_STANDARD = gnu11;
				GCC_NO_COMMON_BLOCKS = YES;
				GCC_WARN_64_TO_32_BIT_CONVERSION = YES;
				GCC_WARN_ABOUT_RETURN_TYPE = YES_ERROR;
				GCC_WARN_UNDECLARED_SELECTOR = YES;
				GCC_WARN_UNINITIALIZED_AUTOS = YES_AGGRESSIVE;
				GCC_WARN_UNUSED_FUNCTION = YES;
				GCC_WARN_UNUSED_VARIABLE = YES;
				IPHONEOS_DEPLOYMENT_TARGET = 16.4;
				MTL_ENABLE_DEBUG_INFO = NO;
				MTL_FAST_MATH = YES;
				SDKROOT = iphoneos;
				SWIFT_COMPILATION_MODE = wholemodule;
				SWIFT_OPTIMIZATION_LEVEL = "-O";
				VALIDATE_PRODUCT = YES;
			};
			name = Release;
		};
		132022572A05508F008BE849 /* Debug */ = {
			isa = XCBuildConfiguration;
			buildSettings = {
				ASSETCATALOG_COMPILER_APPICON_NAME = AppIcon;
				ASSETCATALOG_COMPILER_GLOBAL_ACCENT_COLOR_NAME = AccentColor;
				CODE_SIGN_STYLE = Automatic;
				CURRENT_PROJECT_VERSION = 1;
				DEVELOPMENT_TEAM = PGPQYQF642;
				GENERATE_INFOPLIST_FILE = YES;
				INFOPLIST_FILE = LearningFork/Info.plist;
				INFOPLIST_KEY_UIApplicationSupportsIndirectInputEvents = YES;
				INFOPLIST_KEY_UILaunchStoryboardName = LaunchScreen;
				INFOPLIST_KEY_UIMainStoryboardFile = Main;
				INFOPLIST_KEY_UISupportedInterfaceOrientations_iPad = "UIInterfaceOrientationPortrait UIInterfaceOrientationPortraitUpsideDown UIInterfaceOrientationLandscapeLeft UIInterfaceOrientationLandscapeRight";
				INFOPLIST_KEY_UISupportedInterfaceOrientations_iPhone = "UIInterfaceOrientationPortrait UIInterfaceOrientationLandscapeLeft UIInterfaceOrientationLandscapeRight";
				LD_RUNPATH_SEARCH_PATHS = (
					"$(inherited)",
					"@executable_path/Frameworks",
				);
				MARKETING_VERSION = 1.0;
				PRODUCT_BUNDLE_IDENTIFIER = "com.-muratduranyildirim.LearningFork";
				PRODUCT_NAME = "$(TARGET_NAME)";
				SWIFT_EMIT_LOC_STRINGS = YES;
				SWIFT_VERSION = 5.0;
				TARGETED_DEVICE_FAMILY = "1,2";
			};
			name = Debug;
		};
		132022582A05508F008BE849 /* Release */ = {
			isa = XCBuildConfiguration;
			buildSettings = {
				ASSETCATALOG_COMPILER_APPICON_NAME = AppIcon;
				ASSETCATALOG_COMPILER_GLOBAL_ACCENT_COLOR_NAME = AccentColor;
				CODE_SIGN_STYLE = Automatic;
				CURRENT_PROJECT_VERSION = 1;
				DEVELOPMENT_TEAM = PGPQYQF642;
				GENERATE_INFOPLIST_FILE = YES;
				INFOPLIST_FILE = LearningFork/Info.plist;
				INFOPLIST_KEY_UIApplicationSupportsIndirectInputEvents = YES;
				INFOPLIST_KEY_UILaunchStoryboardName = LaunchScreen;
				INFOPLIST_KEY_UIMainStoryboardFile = Main;
				INFOPLIST_KEY_UISupportedInterfaceOrientations_iPad = "UIInterfaceOrientationPortrait UIInterfaceOrientationPortraitUpsideDown UIInterfaceOrientationLandscapeLeft UIInterfaceOrientationLandscapeRight";
				INFOPLIST_KEY_UISupportedInterfaceOrientations_iPhone = "UIInterfaceOrientationPortrait UIInterfaceOrientationLandscapeLeft UIInterfaceOrientationLandscapeRight";
				LD_RUNPATH_SEARCH_PATHS = (
					"$(inherited)",
					"@executable_path/Frameworks",
				);
				MARKETING_VERSION = 1.0;
				PRODUCT_BUNDLE_IDENTIFIER = "com.-muratduranyildirim.LearningFork";
				PRODUCT_NAME = "$(TARGET_NAME)";
				SWIFT_EMIT_LOC_STRINGS = YES;
				SWIFT_VERSION = 5.0;
				TARGETED_DEVICE_FAMILY = "1,2";
			};
			name = Release;
		};
		1320225A2A05508F008BE849 /* Debug */ = {
			isa = XCBuildConfiguration;
			buildSettings = {
				ALWAYS_EMBED_SWIFT_STANDARD_LIBRARIES = YES;
				BUNDLE_LOADER = "$(TEST_HOST)";
				CODE_SIGN_STYLE = Automatic;
				CURRENT_PROJECT_VERSION = 1;
				DEVELOPMENT_TEAM = PGPQYQF642;
				GENERATE_INFOPLIST_FILE = YES;
				IPHONEOS_DEPLOYMENT_TARGET = 16.4;
				MARKETING_VERSION = 1.0;
				PRODUCT_BUNDLE_IDENTIFIER = "com.-muratduranyildirim.LearningForkTests";
				PRODUCT_NAME = "$(TARGET_NAME)";
				SWIFT_EMIT_LOC_STRINGS = NO;
				SWIFT_VERSION = 5.0;
				TARGETED_DEVICE_FAMILY = "1,2";
				TEST_HOST = "$(BUILT_PRODUCTS_DIR)/LearningFork.app/$(BUNDLE_EXECUTABLE_FOLDER_PATH)/LearningFork";
			};
			name = Debug;
		};
		1320225B2A05508F008BE849 /* Release */ = {
			isa = XCBuildConfiguration;
			buildSettings = {
				ALWAYS_EMBED_SWIFT_STANDARD_LIBRARIES = YES;
				BUNDLE_LOADER = "$(TEST_HOST)";
				CODE_SIGN_STYLE = Automatic;
				CURRENT_PROJECT_VERSION = 1;
				DEVELOPMENT_TEAM = PGPQYQF642;
				GENERATE_INFOPLIST_FILE = YES;
				IPHONEOS_DEPLOYMENT_TARGET = 16.4;
				MARKETING_VERSION = 1.0;
				PRODUCT_BUNDLE_IDENTIFIER = "com.-muratduranyildirim.LearningForkTests";
				PRODUCT_NAME = "$(TARGET_NAME)";
				SWIFT_EMIT_LOC_STRINGS = NO;
				SWIFT_VERSION = 5.0;
				TARGETED_DEVICE_FAMILY = "1,2";
				TEST_HOST = "$(BUILT_PRODUCTS_DIR)/LearningFork.app/$(BUNDLE_EXECUTABLE_FOLDER_PATH)/LearningFork";
			};
			name = Release;
		};
		1320225D2A05508F008BE849 /* Debug */ = {
			isa = XCBuildConfiguration;
			buildSettings = {
				ALWAYS_EMBED_SWIFT_STANDARD_LIBRARIES = YES;
				CODE_SIGN_STYLE = Automatic;
				CURRENT_PROJECT_VERSION = 1;
				DEVELOPMENT_TEAM = PGPQYQF642;
				GENERATE_INFOPLIST_FILE = YES;
				MARKETING_VERSION = 1.0;
				PRODUCT_BUNDLE_IDENTIFIER = "com.-muratduranyildirim.LearningForkUITests";
				PRODUCT_NAME = "$(TARGET_NAME)";
				SWIFT_EMIT_LOC_STRINGS = NO;
				SWIFT_VERSION = 5.0;
				TARGETED_DEVICE_FAMILY = "1,2";
				TEST_TARGET_NAME = LearningFork;
			};
			name = Debug;
		};
		1320225E2A05508F008BE849 /* Release */ = {
			isa = XCBuildConfiguration;
			buildSettings = {
				ALWAYS_EMBED_SWIFT_STANDARD_LIBRARIES = YES;
				CODE_SIGN_STYLE = Automatic;
				CURRENT_PROJECT_VERSION = 1;
				DEVELOPMENT_TEAM = PGPQYQF642;
				GENERATE_INFOPLIST_FILE = YES;
				MARKETING_VERSION = 1.0;
				PRODUCT_BUNDLE_IDENTIFIER = "com.-muratduranyildirim.LearningForkUITests";
				PRODUCT_NAME = "$(TARGET_NAME)";
				SWIFT_EMIT_LOC_STRINGS = NO;
				SWIFT_VERSION = 5.0;
				TARGETED_DEVICE_FAMILY = "1,2";
				TEST_TARGET_NAME = LearningFork;
			};
			name = Release;
		};
/* End XCBuildConfiguration section */

/* Begin XCConfigurationList section */
		132022272A05508E008BE849 /* Build configuration list for PBXProject "LearningFork" */ = {
			isa = XCConfigurationList;
			buildConfigurations = (
				132022542A05508F008BE849 /* Debug */,
				132022552A05508F008BE849 /* Release */,
			);
			defaultConfigurationIsVisible = 0;
			defaultConfigurationName = Release;
		};
		132022562A05508F008BE849 /* Build configuration list for PBXNativeTarget "LearningFork" */ = {
			isa = XCConfigurationList;
			buildConfigurations = (
				132022572A05508F008BE849 /* Debug */,
				132022582A05508F008BE849 /* Release */,
			);
			defaultConfigurationIsVisible = 0;
			defaultConfigurationName = Release;
		};
		132022592A05508F008BE849 /* Build configuration list for PBXNativeTarget "LearningForkTests" */ = {
			isa = XCConfigurationList;
			buildConfigurations = (
				1320225A2A05508F008BE849 /* Debug */,
				1320225B2A05508F008BE849 /* Release */,
			);
			defaultConfigurationIsVisible = 0;
			defaultConfigurationName = Release;
		};
		1320225C2A05508F008BE849 /* Build configuration list for PBXNativeTarget "LearningForkUITests" */ = {
			isa = XCConfigurationList;
			buildConfigurations = (
				1320225D2A05508F008BE849 /* Debug */,
				1320225E2A05508F008BE849 /* Release */,
			);
			defaultConfigurationIsVisible = 0;
			defaultConfigurationName = Release;
		};
/* End XCConfigurationList section */
	};
	rootObject = 132022242A05508E008BE849 /* Project object */;
}
